
Microsoft Visual Studio Solution File, Format Version 12.00
# Visual Studio Version 16
VisualStudioVersion = 16.0.31613.86
MinimumVisualStudioVersion = 10.0.40219.1
Project("{FAE04EC0-301F-11D3-BF4B-00C04F79EFBC}") = "Saiph Level Editor", "Saiph Level Editor\Saiph Level Editor.csproj", "{1883AE29-9DB4-45D5-86EF-8706F2125EA2}"
EndProject
Global
	GlobalSection(SolutionConfigurationPlatforms) = preSolution
		Debug|Any CPU = Debug|Any CPU
		Release|Any CPU = Release|Any CPU
	EndGlobalSection
	GlobalSection(ProjectConfigurationPlatforms) = postSolution
		{1883AE29-9DB4-45D5-86EF-8706F2125EA2}.Debug|Any CPU.ActiveCfg = Debug|Any CPU
		{1883AE29-9DB4-45D5-86EF-8706F2125EA2}.Debug|Any CPU.Build.0 = Debug|Any CPU
		{1883AE29-9DB4-45D5-86EF-8706F2125EA2}.Release|Any CPU.ActiveCfg = Release|Any CPU
		{1883AE29-9DB4-45D5-86EF-8706F2125EA2}.Release|Any CPU.Build.0 = Release|Any CPU
	EndGlobalSection
	GlobalSection(SolutionProperties) = preSolution
		HideSolutionNode = FALSE
	EndGlobalSection
	GlobalSection(ExtensibilityGlobals) = postSolution
		SolutionGuid = {5FED04F5-6B8D-4CEE-B328-ED618A5F2AF0}
	EndGlobalSection
EndGlobal
